
Microsoft Visual Studio Solution File, Format Version 12.00
# Visual Studio Version 17
VisualStudioVersion = 17.14.36414.22 d17.14
MinimumVisualStudioVersion = 10.0.40219.1
Project("{FAE04EC0-301F-11D3-BF4B-00C04F79EFBC}") = "DBManager", "DBManager\DBManager.csproj", "{1FE32265-7C75-4155-94D1-440B75F2FE6F}"
EndProject
Project("{FAE04EC0-301F-11D3-BF4B-00C04F79EFBC}") = "Prueba", "Prueba\Prueba.csproj", "{18192BDF-DA81-424B-9F5C-5AC66CE05CEB}"
EndProject
Project("{FAE04EC0-301F-11D3-BF4B-00C04F79EFBC}") = "SoftModel", "SoftModel\SoftModel.csproj", "{7637674D-4C1F-4B51-B738-C9ED283AA3DD}"
EndProject
Project("{FAE04EC0-301F-11D3-BF4B-00C04F79EFBC}") = "SoftPersistance", "SoftPersistance\SoftPersistance.csproj", "{C2C4EED7-C324-47F7-840B-97BE010E8830}"
EndProject
Global
	GlobalSection(SolutionConfigurationPlatforms) = preSolution
		Debug|Any CPU = Debug|Any CPU
		Release|Any CPU = Release|Any CPU
	EndGlobalSection
	GlobalSection(ProjectConfigurationPlatforms) = postSolution
		{1FE32265-7C75-4155-94D1-440B75F2FE6F}.Debug|Any CPU.ActiveCfg = Debug|Any CPU
		{1FE32265-7C75-4155-94D1-440B75F2FE6F}.Debug|Any CPU.Build.0 = Debug|Any CPU
		{1FE32265-7C75-4155-94D1-440B75F2FE6F}.Release|Any CPU.ActiveCfg = Release|Any CPU
		{1FE32265-7C75-4155-94D1-440B75F2FE6F}.Release|Any CPU.Build.0 = Release|Any CPU
		{18192BDF-DA81-424B-9F5C-5AC66CE05CEB}.Debug|Any CPU.ActiveCfg = Debug|Any CPU
		{18192BDF-DA81-424B-9F5C-5AC66CE05CEB}.Debug|Any CPU.Build.0 = Debug|Any CPU
		{18192BDF-DA81-424B-9F5C-5AC66CE05CEB}.Release|Any CPU.ActiveCfg = Release|Any CPU
		{18192BDF-DA81-424B-9F5C-5AC66CE05CEB}.Release|Any CPU.Build.0 = Release|Any CPU
		{7637674D-4C1F-4B51-B738-C9ED283AA3DD}.Debug|Any CPU.ActiveCfg = Debug|Any CPU
		{7637674D-4C1F-4B51-B738-C9ED283AA3DD}.Debug|Any CPU.Build.0 = Debug|Any CPU
		{7637674D-4C1F-4B51-B738-C9ED283AA3DD}.Release|Any CPU.ActiveCfg = Release|Any CPU
		{7637674D-4C1F-4B51-B738-C9ED283AA3DD}.Release|Any CPU.Build.0 = Release|Any CPU
		{C2C4EED7-C324-47F7-840B-97BE010E8830}.Debug|Any CPU.ActiveCfg = Debug|Any CPU
		{C2C4EED7-C324-47F7-840B-97BE010E8830}.Debug|Any CPU.Build.0 = Debug|Any CPU
		{C2C4EED7-C324-47F7-840B-97BE010E8830}.Release|Any CPU.ActiveCfg = Release|Any CPU
		{C2C4EED7-C324-47F7-840B-97BE010E8830}.Release|Any CPU.Build.0 = Release|Any CPU
	EndGlobalSection
	GlobalSection(SolutionProperties) = preSolution
		HideSolutionNode = FALSE
	EndGlobalSection
	GlobalSection(ExtensibilityGlobals) = postSolution
		SolutionGuid = {B994FA16-8D05-4B4D-9546-D92C0807C555}
	EndGlobalSection
EndGlobal
