
Microsoft Visual Studio Solution File, Format Version 12.00
# Visual Studio Version 17
VisualStudioVersion = 17.13.35825.156
MinimumVisualStudioVersion = 10.0.40219.1
Project("{FAE04EC0-301F-11D3-BF4B-00C04F79EFBC}") = "InfraccionesPresentacion", "InfraccionesPresentacion\InfraccionesPresentacion.csproj", "{E11395C5-EA69-4415-A53E-328D2282A4CF}"
EndProject
Project("{FAE04EC0-301F-11D3-BF4B-00C04F79EFBC}") = "InfraccionesNegocio", "InfraccionesNegocio\InfraccionesNegocio.csproj", "{8A904589-3C55-41D5-A188-2C8B5C2CA033}"
EndProject
Global
	GlobalSection(SolutionConfigurationPlatforms) = preSolution
		Debug|Any CPU = Debug|Any CPU
		Release|Any CPU = Release|Any CPU
	EndGlobalSection
	GlobalSection(ProjectConfigurationPlatforms) = postSolution
		{E11395C5-EA69-4415-A53E-328D2282A4CF}.Debug|Any CPU.ActiveCfg = Debug|Any CPU
		{E11395C5-EA69-4415-A53E-328D2282A4CF}.Debug|Any CPU.Build.0 = Debug|Any CPU
		{E11395C5-EA69-4415-A53E-328D2282A4CF}.Release|Any CPU.ActiveCfg = Release|Any CPU
		{E11395C5-EA69-4415-A53E-328D2282A4CF}.Release|Any CPU.Build.0 = Release|Any CPU
		{8A904589-3C55-41D5-A188-2C8B5C2CA033}.Debug|Any CPU.ActiveCfg = Debug|Any CPU
		{8A904589-3C55-41D5-A188-2C8B5C2CA033}.Debug|Any CPU.Build.0 = Debug|Any CPU
		{8A904589-3C55-41D5-A188-2C8B5C2CA033}.Release|Any CPU.ActiveCfg = Release|Any CPU
		{8A904589-3C55-41D5-A188-2C8B5C2CA033}.Release|Any CPU.Build.0 = Release|Any CPU
	EndGlobalSection
	GlobalSection(SolutionProperties) = preSolution
		HideSolutionNode = FALSE
	EndGlobalSection
	GlobalSection(ExtensibilityGlobals) = postSolution
		SolutionGuid = {C9D58689-A3A9-45AE-8B83-48954ABA5796}
	EndGlobalSection
EndGlobal
